{
  "object": {
    "pins": [
      {
        "package": "Datable",
        "repositoryURL": "https://github.com/OperatorFoundation/Datable.git",
        "state": {
          "branch": "main",
          "revision": "f2a622a4f72cccb92d9847ff6616b26e6de25ca3",
          "version": null
        }
      }
    ]
  },
  "version": 1
}
